// !$*UTF8*$!
{
	archiveVersion = 1;
	classes = {
	};
	objectVersion = 46;
	objects = {

/* Begin PBXBuildFile section */
		21023A0D1D43209D0044546F /* main.m in Sources */ = {isa = PBXBuildFile; fileRef = 21023A0C1D43209D0044546F /* main.m */; };
		21023A101D43209D0044546F /* AppDelegate.m in Sources */ = {isa = PBXBuildFile; fileRef = 21023A0F1D43209D0044546F /* AppDelegate.m */; };
		21023A131D43209D0044546F /* ViewController.m in Sources */ = {isa = PBXBuildFile; fileRef = 21023A121D43209D0044546F /* ViewController.m */; };
		21023A161D43209D0044546F /* Main.storyboard in Resources */ = {isa = PBXBuildFile; fileRef = 21023A141D43209D0044546F /* Main.storyboard */; };
		21023A181D43209D0044546F /* Assets.xcassets in Resources */ = {isa = PBXBuildFile; fileRef = 21023A171D43209D0044546F /* Assets.xcassets */; };
		21023A1B1D43209D0044546F /* LaunchScreen.storyboard in Resources */ = {isa = PBXBuildFile; fileRef = 21023A191D43209D0044546F /* LaunchScreen.storyboard */; };
		21023A261D43209D0044546F /* LangPatchTests.m in Sources */ = {isa = PBXBuildFile; fileRef = 21023A251D43209D0044546F /* LangPatchTests.m */; };
		21023A341D43222A0044546F /* en_US.json in Resources */ = {isa = PBXBuildFile; fileRef = 21023A331D43222A0044546F /* en_US.json */; };
		21023A3B1D4337CD0044546F /* LangPatchFileManager.m in Sources */ = {isa = PBXBuildFile; fileRef = 21023A3A1D4337CD0044546F /* LangPatchFileManager.m */; };
		21023A3E1D433ACE0044546F /* NSDictionary+ChangeNull.m in Sources */ = {isa = PBXBuildFile; fileRef = 21023A3D1D433ACE0044546F /* NSDictionary+ChangeNull.m */; };
		2116EA1F1D44E47E00D54306 /* DownloadTool.m in Sources */ = {isa = PBXBuildFile; fileRef = 2116EA1E1D44E47E00D54306 /* DownloadTool.m */; };
		2116EA211D44E63C00D54306 /* DownToolTests.m in Sources */ = {isa = PBXBuildFile; fileRef = 2116EA201D44E63C00D54306 /* DownToolTests.m */; };
		2116EA241D44E65700D54306 /* AFTestCase.m in Sources */ = {isa = PBXBuildFile; fileRef = 2116EA231D44E65700D54306 /* AFTestCase.m */; };
		21FAD4491D46652C00F6A948 /* LangPatchNetWork.m in Sources */ = {isa = PBXBuildFile; fileRef = 21FAD4481D46652C00F6A948 /* LangPatchNetWork.m */; };
		21FAD44B1D4666C300F6A948 /* NetWorkTest.m in Sources */ = {isa = PBXBuildFile; fileRef = 21FAD44A1D4666C300F6A948 /* NetWorkTest.m */; };
/* End PBXBuildFile section */

/* Begin PBXContainerItemProxy section */
		21023A221D43209D0044546F /* PBXContainerItemProxy */ = {
			isa = PBXContainerItemProxy;
			containerPortal = 21023A001D43209D0044546F /* Project object */;
			proxyType = 1;
			remoteGlobalIDString = 21023A071D43209D0044546F;
			remoteInfo = LangPatch;
		};
/* End PBXContainerItemProxy section */

/* Begin PBXFileReference section */
		21023A081D43209D0044546F /* LangPatch.app */ = {isa = PBXFileReference; explicitFileType = wrapper.application; includeInIndex = 0; path = LangPatch.app; sourceTree = BUILT_PRODUCTS_DIR; };
		21023A0C1D43209D0044546F /* main.m */ = {isa = PBXFileReference; lastKnownFileType = sourcecode.c.objc; path = main.m; sourceTree = "<group>"; };
		21023A0E1D43209D0044546F /* AppDelegate.h */ = {isa = PBXFileReference; lastKnownFileType = sourcecode.c.h; path = AppDelegate.h; sourceTree = "<group>"; };
		21023A0F1D43209D0044546F /* AppDelegate.m */ = {isa = PBXFileReference; lastKnownFileType = sourcecode.c.objc; path = AppDelegate.m; sourceTree = "<group>"; };
		21023A111D43209D0044546F /* ViewController.h */ = {isa = PBXFileReference; lastKnownFileType = sourcecode.c.h; path = ViewController.h; sourceTree = "<group>"; };
		21023A121D43209D0044546F /* ViewController.m */ = {isa = PBXFileReference; lastKnownFileType = sourcecode.c.objc; path = ViewController.m; sourceTree = "<group>"; };
		21023A151D43209D0044546F /* Base */ = {isa = PBXFileReference; lastKnownFileType = file.storyboard; name = Base; path = Base.lproj/Main.storyboard; sourceTree = "<group>"; };
		21023A171D43209D0044546F /* Assets.xcassets */ = {isa = PBXFileReference; lastKnownFileType = folder.assetcatalog; path = Assets.xcassets; sourceTree = "<group>"; };
		21023A1A1D43209D0044546F /* Base */ = {isa = PBXFileReference; lastKnownFileType = file.storyboard; name = Base; path = Base.lproj/LaunchScreen.storyboard; sourceTree = "<group>"; };
		21023A1C1D43209D0044546F /* Info.plist */ = {isa = PBXFileReference; lastKnownFileType = text.plist.xml; path = Info.plist; sourceTree = "<group>"; };
		21023A211D43209D0044546F /* LangPatchTests.xctest */ = {isa = PBXFileReference; explicitFileType = wrapper.cfbundle; includeInIndex = 0; path = LangPatchTests.xctest; sourceTree = BUILT_PRODUCTS_DIR; };
		21023A251D43209D0044546F /* LangPatchTests.m */ = {isa = PBXFileReference; lastKnownFileType = sourcecode.c.objc; path = LangPatchTests.m; sourceTree = "<group>"; };
		21023A271D43209D0044546F /* Info.plist */ = {isa = PBXFileReference; lastKnownFileType = text.plist.xml; path = Info.plist; sourceTree = "<group>"; };
		21023A331D43222A0044546F /* en_US.json */ = {isa = PBXFileReference; fileEncoding = 4; lastKnownFileType = text.json; path = en_US.json; sourceTree = "<group>"; };
		21023A391D4337CD0044546F /* LangPatchFileManager.h */ = {isa = PBXFileReference; fileEncoding = 4; lastKnownFileType = sourcecode.c.h; path = LangPatchFileManager.h; sourceTree = "<group>"; };
		21023A3A1D4337CD0044546F /* LangPatchFileManager.m */ = {isa = PBXFileReference; fileEncoding = 4; lastKnownFileType = sourcecode.c.objc; path = LangPatchFileManager.m; sourceTree = "<group>"; };
		21023A3C1D433ACE0044546F /* NSDictionary+ChangeNull.h */ = {isa = PBXFileReference; fileEncoding = 4; lastKnownFileType = sourcecode.c.h; path = "NSDictionary+ChangeNull.h"; sourceTree = "<group>"; };
		21023A3D1D433ACE0044546F /* NSDictionary+ChangeNull.m */ = {isa = PBXFileReference; fileEncoding = 4; lastKnownFileType = sourcecode.c.objc; path = "NSDictionary+ChangeNull.m"; sourceTree = "<group>"; };
		2116EA1D1D44E47E00D54306 /* DownloadTool.h */ = {isa = PBXFileReference; fileEncoding = 4; lastKnownFileType = sourcecode.c.h; path = DownloadTool.h; sourceTree = "<group>"; };
		2116EA1E1D44E47E00D54306 /* DownloadTool.m */ = {isa = PBXFileReference; fileEncoding = 4; lastKnownFileType = sourcecode.c.objc; path = DownloadTool.m; sourceTree = "<group>"; };
		2116EA201D44E63C00D54306 /* DownToolTests.m */ = {isa = PBXFileReference; fileEncoding = 4; lastKnownFileType = sourcecode.c.objc; path = DownToolTests.m; sourceTree = "<group>"; };
		2116EA221D44E65700D54306 /* AFTestCase.h */ = {isa = PBXFileReference; fileEncoding = 4; lastKnownFileType = sourcecode.c.h; path = AFTestCase.h; sourceTree = "<group>"; };
		2116EA231D44E65700D54306 /* AFTestCase.m */ = {isa = PBXFileReference; fileEncoding = 4; lastKnownFileType = sourcecode.c.objc; path = AFTestCase.m; sourceTree = "<group>"; };
		21FAD4471D46652C00F6A948 /* LangPatchNetWork.h */ = {isa = PBXFileReference; fileEncoding = 4; lastKnownFileType = sourcecode.c.h; path = LangPatchNetWork.h; sourceTree = "<group>"; };
		21FAD4481D46652C00F6A948 /* LangPatchNetWork.m */ = {isa = PBXFileReference; fileEncoding = 4; lastKnownFileType = sourcecode.c.objc; path = LangPatchNetWork.m; sourceTree = "<group>"; };
		21FAD44A1D4666C300F6A948 /* NetWorkTest.m */ = {isa = PBXFileReference; fileEncoding = 4; lastKnownFileType = sourcecode.c.objc; path = NetWorkTest.m; sourceTree = "<group>"; };
/* End PBXFileReference section */

/* Begin PBXFrameworksBuildPhase section */
		21023A051D43209D0044546F /* Frameworks */ = {
			isa = PBXFrameworksBuildPhase;
			buildActionMask = 2147483647;
			files = (
			);
			runOnlyForDeploymentPostprocessing = 0;
		};
		21023A1E1D43209D0044546F /* Frameworks */ = {
			isa = PBXFrameworksBuildPhase;
			buildActionMask = 2147483647;
			files = (
			);
			runOnlyForDeploymentPostprocessing = 0;
		};
/* End PBXFrameworksBuildPhase section */

/* Begin PBXGroup section */
		210239FF1D43209D0044546F = {
			isa = PBXGroup;
			children = (
				21023A0A1D43209D0044546F /* LangPatch */,
				21023A241D43209D0044546F /* LangPatchTests */,
				21023A091D43209D0044546F /* Products */,
			);
			sourceTree = "<group>";
		};
		21023A091D43209D0044546F /* Products */ = {
			isa = PBXGroup;
			children = (
				21023A081D43209D0044546F /* LangPatch.app */,
				21023A211D43209D0044546F /* LangPatchTests.xctest */,
			);
			name = Products;
			sourceTree = "<group>";
		};
		21023A0A1D43209D0044546F /* LangPatch */ = {
			isa = PBXGroup;
			children = (
				21023A331D43222A0044546F /* en_US.json */,
				21023A0E1D43209D0044546F /* AppDelegate.h */,
				21023A0F1D43209D0044546F /* AppDelegate.m */,
				21023A111D43209D0044546F /* ViewController.h */,
				21023A121D43209D0044546F /* ViewController.m */,
				21023A391D4337CD0044546F /* LangPatchFileManager.h */,
				21023A3A1D4337CD0044546F /* LangPatchFileManager.m */,
				2116EA1D1D44E47E00D54306 /* DownloadTool.h */,
				2116EA1E1D44E47E00D54306 /* DownloadTool.m */,
				21FAD4471D46652C00F6A948 /* LangPatchNetWork.h */,
				21FAD4481D46652C00F6A948 /* LangPatchNetWork.m */,
				21023A3C1D433ACE0044546F /* NSDictionary+ChangeNull.h */,
				21023A3D1D433ACE0044546F /* NSDictionary+ChangeNull.m */,
				21023A141D43209D0044546F /* Main.storyboard */,
				21023A171D43209D0044546F /* Assets.xcassets */,
				21023A191D43209D0044546F /* LaunchScreen.storyboard */,
				21023A1C1D43209D0044546F /* Info.plist */,
				21023A0B1D43209D0044546F /* Supporting Files */,
			);
			path = LangPatch;
			sourceTree = "<group>";
		};
		21023A0B1D43209D0044546F /* Supporting Files */ = {
			isa = PBXGroup;
			children = (
				21023A0C1D43209D0044546F /* main.m */,
			);
			name = "Supporting Files";
			sourceTree = "<group>";
		};
		21023A241D43209D0044546F /* LangPatchTests */ = {
			isa = PBXGroup;
			children = (
				2116EA221D44E65700D54306 /* AFTestCase.h */,
				2116EA231D44E65700D54306 /* AFTestCase.m */,
				21023A251D43209D0044546F /* LangPatchTests.m */,
				2116EA201D44E63C00D54306 /* DownToolTests.m */,
				21FAD44A1D4666C300F6A948 /* NetWorkTest.m */,
				21023A271D43209D0044546F /* Info.plist */,
			);
			path = LangPatchTests;
			sourceTree = "<group>";
		};
/* End PBXGroup section */

/* Begin PBXNativeTarget section */
		21023A071D43209D0044546F /* LangPatch */ = {
			isa = PBXNativeTarget;
			buildConfigurationList = 21023A2A1D43209D0044546F /* Build configuration list for PBXNativeTarget "LangPatch" */;
			buildPhases = (
				21023A041D43209D0044546F /* Sources */,
				21023A051D43209D0044546F /* Frameworks */,
				21023A061D43209D0044546F /* Resources */,
			);
			buildRules = (
			);
			dependencies = (
			);
			name = LangPatch;
			productName = LangPatch;
			productReference = 21023A081D43209D0044546F /* LangPatch.app */;
			productType = "com.apple.product-type.application";
		};
		21023A201D43209D0044546F /* LangPatchTests */ = {
			isa = PBXNativeTarget;
			buildConfigurationList = 21023A2D1D43209D0044546F /* Build configuration list for PBXNativeTarget "LangPatchTests" */;
			buildPhases = (
				21023A1D1D43209D0044546F /* Sources */,
				21023A1E1D43209D0044546F /* Frameworks */,
				21023A1F1D43209D0044546F /* Resources */,
			);
			buildRules = (
			);
			dependencies = (
				21023A231D43209D0044546F /* PBXTargetDependency */,
			);
			name = LangPatchTests;
			productName = LangPatchTests;
			productReference = 21023A211D43209D0044546F /* LangPatchTests.xctest */;
			productType = "com.apple.product-type.bundle.unit-test";
		};
/* End PBXNativeTarget section */

/* Begin PBXProject section */
		21023A001D43209D0044546F /* Project object */ = {
			isa = PBXProject;
			attributes = {
				LastUpgradeCheck = 0730;
				ORGANIZATIONNAME = ljx;
				TargetAttributes = {
					21023A071D43209D0044546F = {
						CreatedOnToolsVersion = 7.3;
					};
					21023A201D43209D0044546F = {
						CreatedOnToolsVersion = 7.3;
						TestTargetID = 21023A071D43209D0044546F;
					};
				};
			};
			buildConfigurationList = 21023A031D43209D0044546F /* Build configuration list for PBXProject "LangPatch" */;
			compatibilityVersion = "Xcode 3.2";
			developmentRegion = English;
			hasScannedForEncodings = 0;
			knownRegions = (
				en,
				Base,
			);
			mainGroup = 210239FF1D43209D0044546F;
			productRefGroup = 21023A091D43209D0044546F /* Products */;
			projectDirPath = "";
			projectRoot = "";
			targets = (
				21023A071D43209D0044546F /* LangPatch */,
				21023A201D43209D0044546F /* LangPatchTests */,
			);
		};
/* End PBXProject section */

/* Begin PBXResourcesBuildPhase section */
		21023A061D43209D0044546F /* Resources */ = {
			isa = PBXResourcesBuildPhase;
			buildActionMask = 2147483647;
			files = (
				21023A1B1D43209D0044546F /* LaunchScreen.storyboard in Resources */,
				21023A181D43209D0044546F /* Assets.xcassets in Resources */,
				21023A341D43222A0044546F /* en_US.json in Resources */,
				21023A161D43209D0044546F /* Main.storyboard in Resources */,
			);
			runOnlyForDeploymentPostprocessing = 0;
		};
		21023A1F1D43209D0044546F /* Resources */ = {
			isa = PBXResourcesBuildPhase;
			buildActionMask = 2147483647;
			files = (
			);
			runOnlyForDeploymentPostprocessing = 0;
		};
/* End PBXResourcesBuildPhase section */

/* Begin PBXSourcesBuildPhase section */
		21023A041D43209D0044546F /* Sources */ = {
			isa = PBXSourcesBuildPhase;
			buildActionMask = 2147483647;
			files = (
				21023A131D43209D0044546F /* ViewController.m in Sources */,
				21FAD4491D46652C00F6A948 /* LangPatchNetWork.m in Sources */,
				21023A101D43209D0044546F /* AppDelegate.m in Sources */,
				21023A3B1D4337CD0044546F /* LangPatchFileManager.m in Sources */,
				2116EA1F1D44E47E00D54306 /* DownloadTool.m in Sources */,
				21023A3E1D433ACE0044546F /* NSDictionary+ChangeNull.m in Sources */,
				21023A0D1D43209D0044546F /* main.m in Sources */,
			);
			runOnlyForDeploymentPostprocessing = 0;
		};
		21023A1D1D43209D0044546F /* Sources */ = {
			isa = PBXSourcesBuildPhase;
			buildActionMask = 2147483647;
			files = (
				21023A261D43209D0044546F /* LangPatchTests.m in Sources */,
				2116EA241D44E65700D54306 /* AFTestCase.m in Sources */,
				21FAD44B1D4666C300F6A948 /* NetWorkTest.m in Sources */,
				2116EA211D44E63C00D54306 /* DownToolTests.m in Sources */,
			);
			runOnlyForDeploymentPostprocessing = 0;
		};
/* End PBXSourcesBuildPhase section */

/* Begin PBXTargetDependency section */
		21023A231D43209D0044546F /* PBXTargetDependency */ = {
			isa = PBXTargetDependency;
			target = 21023A071D43209D0044546F /* LangPatch */;
			targetProxy = 21023A221D43209D0044546F /* PBXContainerItemProxy */;
		};
/* End PBXTargetDependency section */

/* Begin PBXVariantGroup section */
		21023A141D43209D0044546F /* Main.storyboard */ = {
			isa = PBXVariantGroup;
			children = (
				21023A151D43209D0044546F /* Base */,
			);
			name = Main.storyboard;
			sourceTree = "<group>";
		};
		21023A191D43209D0044546F /* LaunchScreen.storyboard */ = {
			isa = PBXVariantGroup;
			children = (
				21023A1A1D43209D0044546F /* Base */,
			);
			name = LaunchScreen.storyboard;
			sourceTree = "<group>";
		};
/* End PBXVariantGroup section */

/* Begin XCBuildConfiguration section */
		21023A281D43209D0044546F /* Debug */ = {
			isa = XCBuildConfiguration;
			buildSettings = {
				ALWAYS_SEARCH_USER_PATHS = NO;
				CLANG_ANALYZER_NONNULL = YES;
				CLANG_CXX_LANGUAGE_STANDARD = "gnu++0x";
				CLANG_CXX_LIBRARY = "libc++";
				CLANG_ENABLE_MODULES = YES;
				CLANG_ENABLE_OBJC_ARC = YES;
				CLANG_WARN_BOOL_CONVERSION = YES;
				CLANG_WARN_CONSTANT_CONVERSION = YES;
				CLANG_WARN_DIRECT_OBJC_ISA_USAGE = YES_ERROR;
				CLANG_WARN_EMPTY_BODY = YES;
				CLANG_WARN_ENUM_CONVERSION = YES;
				CLANG_WARN_INT_CONVERSION = YES;
				CLANG_WARN_OBJC_ROOT_CLASS = YES_ERROR;
				CLANG_WARN_UNREACHABLE_CODE = YES;
				CLANG_WARN__DUPLICATE_METHOD_MATCH = YES;
				"CODE_SIGN_IDENTITY[sdk=iphoneos*]" = "iPhone Developer";
				COPY_PHASE_STRIP = NO;
				DEBUG_INFORMATION_FORMAT = dwarf;
				ENABLE_STRICT_OBJC_MSGSEND = YES;
				ENABLE_TESTABILITY = YES;
				GCC_C_LANGUAGE_STANDARD = gnu99;
				GCC_DYNAMIC_NO_PIC = NO;
				GCC_NO_COMMON_BLOCKS = YES;
				GCC_OPTIMIZATION_LEVEL = 0;
				GCC_PREPROCESSOR_DEFINITIONS = (
					"DEBUG=1",
					"$(inherited)",
				);
				GCC_WARN_64_TO_32_BIT_CONVERSION = YES;
				GCC_WARN_ABOUT_RETURN_TYPE = YES_ERROR;
				GCC_WARN_UNDECLARED_SELECTOR = YES;
				GCC_WARN_UNINITIALIZED_AUTOS = YES_AGGRESSIVE;
				GCC_WARN_UNUSED_FUNCTION = YES;
				GCC_WARN_UNUSED_VARIABLE = YES;
				IPHONEOS_DEPLOYMENT_TARGET = 9.3;
				MTL_ENABLE_DEBUG_INFO = YES;
				ONLY_ACTIVE_ARCH = YES;
				SDKROOT = iphoneos;
			};
			name = Debug;
		};
		21023A291D43209D0044546F /* Release */ = {
			isa = XCBuildConfiguration;
			buildSettings = {
				ALWAYS_SEARCH_USER_PATHS = NO;
				CLANG_ANALYZER_NONNULL = YES;
				CLANG_CXX_LANGUAGE_STANDARD = "gnu++0x";
				CLANG_CXX_LIBRARY = "libc++";
				CLANG_ENABLE_MODULES = YES;
				CLANG_ENABLE_OBJC_ARC = YES;
				CLANG_WARN_BOOL_CONVERSION = YES;
				CLANG_WARN_CONSTANT_CONVERSION = YES;
				CLANG_WARN_DIRECT_OBJC_ISA_USAGE = YES_ERROR;
				CLANG_WARN_EMPTY_BODY = YES;
				CLANG_WARN_ENUM_CONVERSION = YES;
				CLANG_WARN_INT_CONVERSION = YES;
				CLANG_WARN_OBJC_ROOT_CLASS = YES_ERROR;
				CLANG_WARN_UNREACHABLE_CODE = YES;
				CLANG_WARN__DUPLICATE_METHOD_MATCH = YES;
				"CODE_SIGN_IDENTITY[sdk=iphoneos*]" = "iPhone Developer";
				COPY_PHASE_STRIP = NO;
				DEBUG_INFORMATION_FORMAT = "dwarf-with-dsym";
				ENABLE_NS_ASSERTIONS = NO;
				ENABLE_STRICT_OBJC_MSGSEND = YES;
				GCC_C_LANGUAGE_STANDARD = gnu99;
				GCC_NO_COMMON_BLOCKS = YES;
				GCC_WARN_64_TO_32_BIT_CONVERSION = YES;
				GCC_WARN_ABOUT_RETURN_TYPE = YES_ERROR;
				GCC_WARN_UNDECLARED_SELECTOR = YES;
				GCC_WARN_UNINITIALIZED_AUTOS = YES_AGGRESSIVE;
				GCC_WARN_UNUSED_FUNCTION = YES;
				GCC_WARN_UNUSED_VARIABLE = YES;
				IPHONEOS_DEPLOYMENT_TARGET = 9.3;
				MTL_ENABLE_DEBUG_INFO = NO;
				SDKROOT = iphoneos;
				VALIDATE_PRODUCT = YES;
			};
			name = Release;
		};
		21023A2B1D43209D0044546F /* Debug */ = {
			isa = XCBuildConfiguration;
			buildSettings = {
				ASSETCATALOG_COMPILER_APPICON_NAME = AppIcon;
				INFOPLIST_FILE = LangPatch/Info.plist;
				LD_RUNPATH_SEARCH_PATHS = "$(inherited) @executable_path/Frameworks";
				PRODUCT_BUNDLE_IDENTIFIER = "com.apple-swift.LangPatch";
				PRODUCT_NAME = "$(TARGET_NAME)";
			};
			name = Debug;
		};
		21023A2C1D43209D0044546F /* Release */ = {
			isa = XCBuildConfiguration;
			buildSettings = {
				ASSETCATALOG_COMPILER_APPICON_NAME = AppIcon;
				INFOPLIST_FILE = LangPatch/Info.plist;
				LD_RUNPATH_SEARCH_PATHS = "$(inherited) @executable_path/Frameworks";
				PRODUCT_BUNDLE_IDENTIFIER = "com.apple-swift.LangPatch";
				PRODUCT_NAME = "$(TARGET_NAME)";
			};
			name = Release;
		};
		21023A2E1D43209D0044546F /* Debug */ = {
			isa = XCBuildConfiguration;
			buildSettings = {
				BUNDLE_LOADER = "$(TEST_HOST)";
				INFOPLIST_FILE = LangPatchTests/Info.plist;
				LD_RUNPATH_SEARCH_PATHS = "$(inherited) @executable_path/Frameworks @loader_path/Frameworks";
				PRODUCT_BUNDLE_IDENTIFIER = "com.apple-swift.LangPatchTests";
				PRODUCT_NAME = "$(TARGET_NAME)";
				TEST_HOST = "$(BUILT_PRODUCTS_DIR)/LangPatch.app/LangPatch";
			};
			name = Debug;
		};
		21023A2F1D43209D0044546F /* Release */ = {
			isa = XCBuildConfiguration;
			buildSettings = {
				BUNDLE_LOADER = "$(TEST_HOST)";
				INFOPLIST_FILE = LangPatchTests/Info.plist;
				LD_RUNPATH_SEARCH_PATHS = "$(inherited) @executable_path/Frameworks @loader_path/Frameworks";
				PRODUCT_BUNDLE_IDENTIFIER = "com.apple-swift.LangPatchTests";
				PRODUCT_NAME = "$(TARGET_NAME)";
				TEST_HOST = "$(BUILT_PRODUCTS_DIR)/LangPatch.app/LangPatch";
			};
			name = Release;
		};
/* End XCBuildConfiguration section */

/* Begin XCConfigurationList section */
		21023A031D43209D0044546F /* Build configuration list for PBXProject "LangPatch" */ = {
			isa = XCConfigurationList;
			buildConfigurations = (
				21023A281D43209D0044546F /* Debug */,
				21023A291D43209D0044546F /* Release */,
			);
			defaultConfigurationIsVisible = 0;
			defaultConfigurationName = Release;
		};
		21023A2A1D43209D0044546F /* Build configuration list for PBXNativeTarget "LangPatch" */ = {
			isa = XCConfigurationList;
			buildConfigurations = (
				21023A2B1D43209D0044546F /* Debug */,
				21023A2C1D43209D0044546F /* Release */,
			);
			defaultConfigurationIsVisible = 0;
			defaultConfigurationName = Release;
		};
		21023A2D1D43209D0044546F /* Build configuration list for PBXNativeTarget "LangPatchTests" */ = {
			isa = XCConfigurationList;
			buildConfigurations = (
				21023A2E1D43209D0044546F /* Debug */,
				21023A2F1D43209D0044546F /* Release */,
			);
			defaultConfigurationIsVisible = 0;
			defaultConfigurationName = Release;
		};
/* End XCConfigurationList section */
	};
	rootObject = 21023A001D43209D0044546F /* Project object */;
}
